
Microsoft Visual Studio Solution File, Format Version 12.00
# Visual Studio 15
VisualStudioVersion = 15.0.27130.2010
MinimumVisualStudioVersion = 10.0.40219.1
Project("{FAE04EC0-301F-11D3-BF4B-00C04F79EFBC}") = "AplicacionPruebaGitHUb", "AplicacionPruebaGitHUb\AplicacionPruebaGitHUb.csproj", "{DE96BC92-E577-4651-8BF4-C4A0C102105B}"
EndProject
Global
	GlobalSection(SolutionConfigurationPlatforms) = preSolution
		Debug|Any CPU = Debug|Any CPU
		Release|Any CPU = Release|Any CPU
	EndGlobalSection
	GlobalSection(ProjectConfigurationPlatforms) = postSolution
		{DE96BC92-E577-4651-8BF4-C4A0C102105B}.Debug|Any CPU.ActiveCfg = Debug|Any CPU
		{DE96BC92-E577-4651-8BF4-C4A0C102105B}.Debug|Any CPU.Build.0 = Debug|Any CPU
		{DE96BC92-E577-4651-8BF4-C4A0C102105B}.Release|Any CPU.ActiveCfg = Release|Any CPU
		{DE96BC92-E577-4651-8BF4-C4A0C102105B}.Release|Any CPU.Build.0 = Release|Any CPU
	EndGlobalSection
	GlobalSection(SolutionProperties) = preSolution
		HideSolutionNode = FALSE
	EndGlobalSection
	GlobalSection(ExtensibilityGlobals) = postSolution
		SolutionGuid = {F2B14B93-9298-46AB-B39E-41B21E5D106C}
	EndGlobalSection
EndGlobal
